// !$*UTF8*$!
{
	archiveVersion = 1;
	classes = {
	};
	objectVersion = 55;
	objects = {

/* Begin PBXBuildFile section */
		67A8B13228AD37B300DD45AD /* AppDelegate.swift in Sources */ = {isa = PBXBuildFile; fileRef = 67A8B13128AD37B300DD45AD /* AppDelegate.swift */; };
		67A8B13428AD37B300DD45AD /* SceneDelegate.swift in Sources */ = {isa = PBXBuildFile; fileRef = 67A8B13328AD37B300DD45AD /* SceneDelegate.swift */; };
		67A8B13B28AD37B500DD45AD /* Assets.xcassets in Resources */ = {isa = PBXBuildFile; fileRef = 67A8B13A28AD37B500DD45AD /* Assets.xcassets */; };
		67A8B13E28AD37B500DD45AD /* LaunchScreen.storyboard in Resources */ = {isa = PBXBuildFile; fileRef = 67A8B13C28AD37B500DD45AD /* LaunchScreen.storyboard */; };
		67A8B14C28AEDF9200DD45AD /* HomePresenter.swift in Sources */ = {isa = PBXBuildFile; fileRef = 67A8B14528AEDF9200DD45AD /* HomePresenter.swift */; };
		67A8B14D28AEDF9200DD45AD /* HomeLocalDataManager.swift in Sources */ = {isa = PBXBuildFile; fileRef = 67A8B14628AEDF9200DD45AD /* HomeLocalDataManager.swift */; };
		67A8B14E28AEDF9200DD45AD /* HomeProtocols.swift in Sources */ = {isa = PBXBuildFile; fileRef = 67A8B14728AEDF9200DD45AD /* HomeProtocols.swift */; };
		67A8B14F28AEDF9200DD45AD /* HomeInteractor.swift in Sources */ = {isa = PBXBuildFile; fileRef = 67A8B14828AEDF9200DD45AD /* HomeInteractor.swift */; };
		67A8B15028AEDF9200DD45AD /* HomeView.swift in Sources */ = {isa = PBXBuildFile; fileRef = 67A8B14928AEDF9200DD45AD /* HomeView.swift */; };
		67A8B15128AEDF9200DD45AD /* HomeRemoteDataManager.swift in Sources */ = {isa = PBXBuildFile; fileRef = 67A8B14A28AEDF9200DD45AD /* HomeRemoteDataManager.swift */; };
		67A8B15228AEDF9200DD45AD /* HomeWireFrame.swift in Sources */ = {isa = PBXBuildFile; fileRef = 67A8B14B28AEDF9200DD45AD /* HomeWireFrame.swift */; };
		67A8B15528AF4F6900DD45AD /* HomeView.storyboard in Resources */ = {isa = PBXBuildFile; fileRef = 67A8B15428AF4F6900DD45AD /* HomeView.storyboard */; };
		67A8B15E28AFDCED00DD45AD /* TvShowsPresenter.swift in Sources */ = {isa = PBXBuildFile; fileRef = 67A8B15728AFDCED00DD45AD /* TvShowsPresenter.swift */; };
		67A8B15F28AFDCED00DD45AD /* TvShowsLocalDataManager.swift in Sources */ = {isa = PBXBuildFile; fileRef = 67A8B15828AFDCED00DD45AD /* TvShowsLocalDataManager.swift */; };
		67A8B16028AFDCED00DD45AD /* TvShowsProtocols.swift in Sources */ = {isa = PBXBuildFile; fileRef = 67A8B15928AFDCED00DD45AD /* TvShowsProtocols.swift */; };
		67A8B16128AFDCED00DD45AD /* TvShowsInteractor.swift in Sources */ = {isa = PBXBuildFile; fileRef = 67A8B15A28AFDCED00DD45AD /* TvShowsInteractor.swift */; };
		67A8B16228AFDCED00DD45AD /* TvShowsView.swift in Sources */ = {isa = PBXBuildFile; fileRef = 67A8B15B28AFDCED00DD45AD /* TvShowsView.swift */; };
		67A8B16328AFDCED00DD45AD /* TvShowsRemoteDataManager.swift in Sources */ = {isa = PBXBuildFile; fileRef = 67A8B15C28AFDCED00DD45AD /* TvShowsRemoteDataManager.swift */; };
		67A8B16428AFDCED00DD45AD /* TvShowsWireFrame.swift in Sources */ = {isa = PBXBuildFile; fileRef = 67A8B15D28AFDCED00DD45AD /* TvShowsWireFrame.swift */; };
		67A8B16628AFE44100DD45AD /* TvShowsView.storyboard in Resources */ = {isa = PBXBuildFile; fileRef = 67A8B16528AFE44100DD45AD /* TvShowsView.storyboard */; };
		67A8B16828AFE45C00DD45AD /* TvShowsEntity.swift in Sources */ = {isa = PBXBuildFile; fileRef = 67A8B16728AFE45C00DD45AD /* TvShowsEntity.swift */; };
		67A8B16E28AFF6D400DD45AD /* ShowsTableViewCell.swift in Sources */ = {isa = PBXBuildFile; fileRef = 67A8B16C28AFF6D400DD45AD /* ShowsTableViewCell.swift */; };
		67A8B16F28AFF6D400DD45AD /* ShowsTableViewCell.xib in Resources */ = {isa = PBXBuildFile; fileRef = 67A8B16D28AFF6D400DD45AD /* ShowsTableViewCell.xib */; };
/* End PBXBuildFile section */

/* Begin PBXFileReference section */
		67A8B12E28AD37B300DD45AD /* Goo.app */ = {isa = PBXFileReference; explicitFileType = wrapper.application; includeInIndex = 0; path = Goo.app; sourceTree = BUILT_PRODUCTS_DIR; };
		67A8B13128AD37B300DD45AD /* AppDelegate.swift */ = {isa = PBXFileReference; lastKnownFileType = sourcecode.swift; path = AppDelegate.swift; sourceTree = "<group>"; };
		67A8B13328AD37B300DD45AD /* SceneDelegate.swift */ = {isa = PBXFileReference; lastKnownFileType = sourcecode.swift; path = SceneDelegate.swift; sourceTree = "<group>"; };
		67A8B13A28AD37B500DD45AD /* Assets.xcassets */ = {isa = PBXFileReference; lastKnownFileType = folder.assetcatalog; path = Assets.xcassets; sourceTree = "<group>"; };
		67A8B13D28AD37B500DD45AD /* Base */ = {isa = PBXFileReference; lastKnownFileType = file.storyboard; name = Base; path = Base.lproj/LaunchScreen.storyboard; sourceTree = "<group>"; };
		67A8B13F28AD37B500DD45AD /* Info.plist */ = {isa = PBXFileReference; lastKnownFileType = text.plist.xml; path = Info.plist; sourceTree = "<group>"; };
		67A8B14528AEDF9200DD45AD /* HomePresenter.swift */ = {isa = PBXFileReference; lastKnownFileType = sourcecode.swift; path = HomePresenter.swift; sourceTree = "<group>"; };
		67A8B14628AEDF9200DD45AD /* HomeLocalDataManager.swift */ = {isa = PBXFileReference; lastKnownFileType = sourcecode.swift; path = HomeLocalDataManager.swift; sourceTree = "<group>"; };
		67A8B14728AEDF9200DD45AD /* HomeProtocols.swift */ = {isa = PBXFileReference; lastKnownFileType = sourcecode.swift; path = HomeProtocols.swift; sourceTree = "<group>"; };
		67A8B14828AEDF9200DD45AD /* HomeInteractor.swift */ = {isa = PBXFileReference; lastKnownFileType = sourcecode.swift; path = HomeInteractor.swift; sourceTree = "<group>"; };
		67A8B14928AEDF9200DD45AD /* HomeView.swift */ = {isa = PBXFileReference; lastKnownFileType = sourcecode.swift; path = HomeView.swift; sourceTree = "<group>"; };
		67A8B14A28AEDF9200DD45AD /* HomeRemoteDataManager.swift */ = {isa = PBXFileReference; lastKnownFileType = sourcecode.swift; path = HomeRemoteDataManager.swift; sourceTree = "<group>"; };
		67A8B14B28AEDF9200DD45AD /* HomeWireFrame.swift */ = {isa = PBXFileReference; lastKnownFileType = sourcecode.swift; path = HomeWireFrame.swift; sourceTree = "<group>"; };
		67A8B15428AF4F6900DD45AD /* HomeView.storyboard */ = {isa = PBXFileReference; lastKnownFileType = file.storyboard; path = HomeView.storyboard; sourceTree = "<group>"; };
		67A8B15728AFDCED00DD45AD /* TvShowsPresenter.swift */ = {isa = PBXFileReference; lastKnownFileType = sourcecode.swift; path = TvShowsPresenter.swift; sourceTree = "<group>"; };
		67A8B15828AFDCED00DD45AD /* TvShowsLocalDataManager.swift */ = {isa = PBXFileReference; lastKnownFileType = sourcecode.swift; path = TvShowsLocalDataManager.swift; sourceTree = "<group>"; };
		67A8B15928AFDCED00DD45AD /* TvShowsProtocols.swift */ = {isa = PBXFileReference; lastKnownFileType = sourcecode.swift; path = TvShowsProtocols.swift; sourceTree = "<group>"; };
		67A8B15A28AFDCED00DD45AD /* TvShowsInteractor.swift */ = {isa = PBXFileReference; lastKnownFileType = sourcecode.swift; path = TvShowsInteractor.swift; sourceTree = "<group>"; };
		67A8B15B28AFDCED00DD45AD /* TvShowsView.swift */ = {isa = PBXFileReference; lastKnownFileType = sourcecode.swift; path = TvShowsView.swift; sourceTree = "<group>"; };
		67A8B15C28AFDCED00DD45AD /* TvShowsRemoteDataManager.swift */ = {isa = PBXFileReference; lastKnownFileType = sourcecode.swift; path = TvShowsRemoteDataManager.swift; sourceTree = "<group>"; };
		67A8B15D28AFDCED00DD45AD /* TvShowsWireFrame.swift */ = {isa = PBXFileReference; lastKnownFileType = sourcecode.swift; path = TvShowsWireFrame.swift; sourceTree = "<group>"; };
		67A8B16528AFE44100DD45AD /* TvShowsView.storyboard */ = {isa = PBXFileReference; lastKnownFileType = file.storyboard; path = TvShowsView.storyboard; sourceTree = "<group>"; };
		67A8B16728AFE45C00DD45AD /* TvShowsEntity.swift */ = {isa = PBXFileReference; lastKnownFileType = sourcecode.swift; path = TvShowsEntity.swift; sourceTree = "<group>"; };
		67A8B16C28AFF6D400DD45AD /* ShowsTableViewCell.swift */ = {isa = PBXFileReference; lastKnownFileType = sourcecode.swift; path = ShowsTableViewCell.swift; sourceTree = "<group>"; };
		67A8B16D28AFF6D400DD45AD /* ShowsTableViewCell.xib */ = {isa = PBXFileReference; lastKnownFileType = file.xib; path = ShowsTableViewCell.xib; sourceTree = "<group>"; };
/* End PBXFileReference section */

/* Begin PBXFrameworksBuildPhase section */
		67A8B12B28AD37B300DD45AD /* Frameworks */ = {
			isa = PBXFrameworksBuildPhase;
			buildActionMask = 2147483647;
			files = (
			);
			runOnlyForDeploymentPostprocessing = 0;
		};
/* End PBXFrameworksBuildPhase section */

/* Begin PBXGroup section */
		67A8B12528AD37B300DD45AD = {
			isa = PBXGroup;
			children = (
				67A8B13028AD37B300DD45AD /* Goo */,
				67A8B12F28AD37B300DD45AD /* Products */,
			);
			sourceTree = "<group>";
		};
		67A8B12F28AD37B300DD45AD /* Products */ = {
			isa = PBXGroup;
			children = (
				67A8B12E28AD37B300DD45AD /* Goo.app */,
			);
			name = Products;
			sourceTree = "<group>";
		};
		67A8B13028AD37B300DD45AD /* Goo */ = {
			isa = PBXGroup;
			children = (
				67A8B13128AD37B300DD45AD /* AppDelegate.swift */,
				67A8B13328AD37B300DD45AD /* SceneDelegate.swift */,
				67A8B15328AEDF9D00DD45AD /* Home */,
				67A8B15628AFDCBB00DD45AD /* TvShows */,
				67A8B13A28AD37B500DD45AD /* Assets.xcassets */,
				67A8B13C28AD37B500DD45AD /* LaunchScreen.storyboard */,
				67A8B13F28AD37B500DD45AD /* Info.plist */,
			);
			path = Goo;
			sourceTree = "<group>";
		};
		67A8B15328AEDF9D00DD45AD /* Home */ = {
			isa = PBXGroup;
			children = (
				67A8B15428AF4F6900DD45AD /* HomeView.storyboard */,
				67A8B14928AEDF9200DD45AD /* HomeView.swift */,
				67A8B14828AEDF9200DD45AD /* HomeInteractor.swift */,
				67A8B14528AEDF9200DD45AD /* HomePresenter.swift */,
				67A8B14628AEDF9200DD45AD /* HomeLocalDataManager.swift */,
				67A8B14728AEDF9200DD45AD /* HomeProtocols.swift */,
				67A8B14A28AEDF9200DD45AD /* HomeRemoteDataManager.swift */,
				67A8B14B28AEDF9200DD45AD /* HomeWireFrame.swift */,
			);
			path = Home;
			sourceTree = "<group>";
		};
		67A8B15628AFDCBB00DD45AD /* TvShows */ = {
			isa = PBXGroup;
			children = (
				67A8B16928AFF68C00DD45AD /* ShowCells */,
				67A8B16528AFE44100DD45AD /* TvShowsView.storyboard */,
				67A8B15B28AFDCED00DD45AD /* TvShowsView.swift */,
				67A8B15A28AFDCED00DD45AD /* TvShowsInteractor.swift */,
				67A8B15728AFDCED00DD45AD /* TvShowsPresenter.swift */,
				67A8B16728AFE45C00DD45AD /* TvShowsEntity.swift */,
				67A8B15828AFDCED00DD45AD /* TvShowsLocalDataManager.swift */,
				67A8B15928AFDCED00DD45AD /* TvShowsProtocols.swift */,
				67A8B15C28AFDCED00DD45AD /* TvShowsRemoteDataManager.swift */,
				67A8B15D28AFDCED00DD45AD /* TvShowsWireFrame.swift */,
			);
			path = TvShows;
			sourceTree = "<group>";
		};
		67A8B16928AFF68C00DD45AD /* ShowCells */ = {
			isa = PBXGroup;
			children = (
				67A8B16C28AFF6D400DD45AD /* ShowsTableViewCell.swift */,
				67A8B16D28AFF6D400DD45AD /* ShowsTableViewCell.xib */,
			);
			path = ShowCells;
			sourceTree = "<group>";
		};
/* End PBXGroup section */

/* Begin PBXNativeTarget section */
		67A8B12D28AD37B300DD45AD /* Goo */ = {
			isa = PBXNativeTarget;
			buildConfigurationList = 67A8B14228AD37B500DD45AD /* Build configuration list for PBXNativeTarget "Goo" */;
			buildPhases = (
				67A8B12A28AD37B300DD45AD /* Sources */,
				67A8B12B28AD37B300DD45AD /* Frameworks */,
				67A8B12C28AD37B300DD45AD /* Resources */,
			);
			buildRules = (
			);
			dependencies = (
			);
			name = Goo;
			productName = Goo;
			productReference = 67A8B12E28AD37B300DD45AD /* Goo.app */;
			productType = "com.apple.product-type.application";
		};
/* End PBXNativeTarget section */

/* Begin PBXProject section */
		67A8B12628AD37B300DD45AD /* Project object */ = {
			isa = PBXProject;
			attributes = {
				BuildIndependentTargetsInParallel = 1;
				LastSwiftUpdateCheck = 1340;
				LastUpgradeCheck = 1340;
				TargetAttributes = {
					67A8B12D28AD37B300DD45AD = {
						CreatedOnToolsVersion = 13.4.1;
					};
				};
			};
			buildConfigurationList = 67A8B12928AD37B300DD45AD /* Build configuration list for PBXProject "Goo" */;
			compatibilityVersion = "Xcode 13.0";
			developmentRegion = en;
			hasScannedForEncodings = 0;
			knownRegions = (
				en,
				Base,
			);
			mainGroup = 67A8B12528AD37B300DD45AD;
			productRefGroup = 67A8B12F28AD37B300DD45AD /* Products */;
			projectDirPath = "";
			projectRoot = "";
			targets = (
				67A8B12D28AD37B300DD45AD /* Goo */,
			);
		};
/* End PBXProject section */

/* Begin PBXResourcesBuildPhase section */
		67A8B12C28AD37B300DD45AD /* Resources */ = {
			isa = PBXResourcesBuildPhase;
			buildActionMask = 2147483647;
			files = (
				67A8B13E28AD37B500DD45AD /* LaunchScreen.storyboard in Resources */,
				67A8B13B28AD37B500DD45AD /* Assets.xcassets in Resources */,
				67A8B16628AFE44100DD45AD /* TvShowsView.storyboard in Resources */,
				67A8B15528AF4F6900DD45AD /* HomeView.storyboard in Resources */,
				67A8B16F28AFF6D400DD45AD /* ShowsTableViewCell.xib in Resources */,
			);
			runOnlyForDeploymentPostprocessing = 0;
		};
/* End PBXResourcesBuildPhase section */

/* Begin PBXSourcesBuildPhase section */
		67A8B12A28AD37B300DD45AD /* Sources */ = {
			isa = PBXSourcesBuildPhase;
			buildActionMask = 2147483647;
			files = (
				67A8B16028AFDCED00DD45AD /* TvShowsProtocols.swift in Sources */,
				67A8B16428AFDCED00DD45AD /* TvShowsWireFrame.swift in Sources */,
				67A8B16E28AFF6D400DD45AD /* ShowsTableViewCell.swift in Sources */,
				67A8B13228AD37B300DD45AD /* AppDelegate.swift in Sources */,
				67A8B14D28AEDF9200DD45AD /* HomeLocalDataManager.swift in Sources */,
				67A8B16228AFDCED00DD45AD /* TvShowsView.swift in Sources */,
				67A8B15F28AFDCED00DD45AD /* TvShowsLocalDataManager.swift in Sources */,
				67A8B16328AFDCED00DD45AD /* TvShowsRemoteDataManager.swift in Sources */,
				67A8B13428AD37B300DD45AD /* SceneDelegate.swift in Sources */,
				67A8B14E28AEDF9200DD45AD /* HomeProtocols.swift in Sources */,
				67A8B15028AEDF9200DD45AD /* HomeView.swift in Sources */,
				67A8B16128AFDCED00DD45AD /* TvShowsInteractor.swift in Sources */,
				67A8B15128AEDF9200DD45AD /* HomeRemoteDataManager.swift in Sources */,
				67A8B14C28AEDF9200DD45AD /* HomePresenter.swift in Sources */,
				67A8B16828AFE45C00DD45AD /* TvShowsEntity.swift in Sources */,
				67A8B15E28AFDCED00DD45AD /* TvShowsPresenter.swift in Sources */,
				67A8B14F28AEDF9200DD45AD /* HomeInteractor.swift in Sources */,
				67A8B15228AEDF9200DD45AD /* HomeWireFrame.swift in Sources */,
			);
			runOnlyForDeploymentPostprocessing = 0;
		};
/* End PBXSourcesBuildPhase section */

/* Begin PBXVariantGroup section */
		67A8B13C28AD37B500DD45AD /* LaunchScreen.storyboard */ = {
			isa = PBXVariantGroup;
			children = (
				67A8B13D28AD37B500DD45AD /* Base */,
			);
			name = LaunchScreen.storyboard;
			sourceTree = "<group>";
		};
/* End PBXVariantGroup section */

/* Begin XCBuildConfiguration section */
		67A8B14028AD37B500DD45AD /* Debug */ = {
			isa = XCBuildConfiguration;
			buildSettings = {
				ALWAYS_SEARCH_USER_PATHS = NO;
				CLANG_ANALYZER_NONNULL = YES;
				CLANG_ANALYZER_NUMBER_OBJECT_CONVERSION = YES_AGGRESSIVE;
				CLANG_CXX_LANGUAGE_STANDARD = "gnu++17";
				CLANG_ENABLE_MODULES = YES;
				CLANG_ENABLE_OBJC_ARC = YES;
				CLANG_ENABLE_OBJC_WEAK = YES;
				CLANG_WARN_BLOCK_CAPTURE_AUTORELEASING = YES;
				CLANG_WARN_BOOL_CONVERSION = YES;
				CLANG_WARN_COMMA = YES;
				CLANG_WARN_CONSTANT_CONVERSION = YES;
				CLANG_WARN_DEPRECATED_OBJC_IMPLEMENTATIONS = YES;
				CLANG_WARN_DIRECT_OBJC_ISA_USAGE = YES_ERROR;
				CLANG_WARN_DOCUMENTATION_COMMENTS = YES;
				CLANG_WARN_EMPTY_BODY = YES;
				CLANG_WARN_ENUM_CONVERSION = YES;
				CLANG_WARN_INFINITE_RECURSION = YES;
				CLANG_WARN_INT_CONVERSION = YES;
				CLANG_WARN_NON_LITERAL_NULL_CONVERSION = YES;
				CLANG_WARN_OBJC_IMPLICIT_RETAIN_SELF = YES;
				CLANG_WARN_OBJC_LITERAL_CONVERSION = YES;
				CLANG_WARN_OBJC_ROOT_CLASS = YES_ERROR;
				CLANG_WARN_QUOTED_INCLUDE_IN_FRAMEWORK_HEADER = YES;
				CLANG_WARN_RANGE_LOOP_ANALYSIS = YES;
				CLANG_WARN_STRICT_PROTOTYPES = YES;
				CLANG_WARN_SUSPICIOUS_MOVE = YES;
				CLANG_WARN_UNGUARDED_AVAILABILITY = YES_AGGRESSIVE;
				CLANG_WARN_UNREACHABLE_CODE = YES;
				CLANG_WARN__DUPLICATE_METHOD_MATCH = YES;
				COPY_PHASE_STRIP = NO;
				DEBUG_INFORMATION_FORMAT = dwarf;
				ENABLE_STRICT_OBJC_MSGSEND = YES;
				ENABLE_TESTABILITY = YES;
				GCC_C_LANGUAGE_STANDARD = gnu11;
				GCC_DYNAMIC_NO_PIC = NO;
				GCC_NO_COMMON_BLOCKS = YES;
				GCC_OPTIMIZATION_LEVEL = 0;
				GCC_PREPROCESSOR_DEFINITIONS = (
					"DEBUG=1",
					"$(inherited)",
				);
				GCC_WARN_64_TO_32_BIT_CONVERSION = YES;
				GCC_WARN_ABOUT_RETURN_TYPE = YES_ERROR;
				GCC_WARN_UNDECLARED_SELECTOR = YES;
				GCC_WARN_UNINITIALIZED_AUTOS = YES_AGGRESSIVE;
				GCC_WARN_UNUSED_FUNCTION = YES;
				GCC_WARN_UNUSED_VARIABLE = YES;
				IPHONEOS_DEPLOYMENT_TARGET = 13.0;
				MTL_ENABLE_DEBUG_INFO = INCLUDE_SOURCE;
				MTL_FAST_MATH = YES;
				ONLY_ACTIVE_ARCH = YES;
				SDKROOT = iphoneos;
				SWIFT_ACTIVE_COMPILATION_CONDITIONS = DEBUG;
				SWIFT_OPTIMIZATION_LEVEL = "-Onone";
			};
			name = Debug;
		};
		67A8B14128AD37B500DD45AD /* Release */ = {
			isa = XCBuildConfiguration;
			buildSettings = {
				ALWAYS_SEARCH_USER_PATHS = NO;
				CLANG_ANALYZER_NONNULL = YES;
				CLANG_ANALYZER_NUMBER_OBJECT_CONVERSION = YES_AGGRESSIVE;
				CLANG_CXX_LANGUAGE_STANDARD = "gnu++17";
				CLANG_ENABLE_MODULES = YES;
				CLANG_ENABLE_OBJC_ARC = YES;
				CLANG_ENABLE_OBJC_WEAK = YES;
				CLANG_WARN_BLOCK_CAPTURE_AUTORELEASING = YES;
				CLANG_WARN_BOOL_CONVERSION = YES;
				CLANG_WARN_COMMA = YES;
				CLANG_WARN_CONSTANT_CONVERSION = YES;
				CLANG_WARN_DEPRECATED_OBJC_IMPLEMENTATIONS = YES;
				CLANG_WARN_DIRECT_OBJC_ISA_USAGE = YES_ERROR;
				CLANG_WARN_DOCUMENTATION_COMMENTS = YES;
				CLANG_WARN_EMPTY_BODY = YES;
				CLANG_WARN_ENUM_CONVERSION = YES;
				CLANG_WARN_INFINITE_RECURSION = YES;
				CLANG_WARN_INT_CONVERSION = YES;
				CLANG_WARN_NON_LITERAL_NULL_CONVERSION = YES;
				CLANG_WARN_OBJC_IMPLICIT_RETAIN_SELF = YES;
				CLANG_WARN_OBJC_LITERAL_CONVERSION = YES;
				CLANG_WARN_OBJC_ROOT_CLASS = YES_ERROR;
				CLANG_WARN_QUOTED_INCLUDE_IN_FRAMEWORK_HEADER = YES;
				CLANG_WARN_RANGE_LOOP_ANALYSIS = YES;
				CLANG_WARN_STRICT_PROTOTYPES = YES;
				CLANG_WARN_SUSPICIOUS_MOVE = YES;
				CLANG_WARN_UNGUARDED_AVAILABILITY = YES_AGGRESSIVE;
				CLANG_WARN_UNREACHABLE_CODE = YES;
				CLANG_WARN__DUPLICATE_METHOD_MATCH = YES;
				COPY_PHASE_STRIP = NO;
				DEBUG_INFORMATION_FORMAT = "dwarf-with-dsym";
				ENABLE_NS_ASSERTIONS = NO;
				ENABLE_STRICT_OBJC_MSGSEND = YES;
				GCC_C_LANGUAGE_STANDARD = gnu11;
				GCC_NO_COMMON_BLOCKS = YES;
				GCC_WARN_64_TO_32_BIT_CONVERSION = YES;
				GCC_WARN_ABOUT_RETURN_TYPE = YES_ERROR;
				GCC_WARN_UNDECLARED_SELECTOR = YES;
				GCC_WARN_UNINITIALIZED_AUTOS = YES_AGGRESSIVE;
				GCC_WARN_UNUSED_FUNCTION = YES;
				GCC_WARN_UNUSED_VARIABLE = YES;
				IPHONEOS_DEPLOYMENT_TARGET = 13.0;
				MTL_ENABLE_DEBUG_INFO = NO;
				MTL_FAST_MATH = YES;
				SDKROOT = iphoneos;
				SWIFT_COMPILATION_MODE = wholemodule;
				SWIFT_OPTIMIZATION_LEVEL = "-O";
				VALIDATE_PRODUCT = YES;
			};
			name = Release;
		};
		67A8B14328AD37B500DD45AD /* Debug */ = {
			isa = XCBuildConfiguration;
			buildSettings = {
				ASSETCATALOG_COMPILER_APPICON_NAME = AppIcon;
				ASSETCATALOG_COMPILER_GLOBAL_ACCENT_COLOR_NAME = AccentColor;
				CODE_SIGN_STYLE = Automatic;
				CURRENT_PROJECT_VERSION = 1;
				DEVELOPMENT_TEAM = XV272CGUK8;
				GENERATE_INFOPLIST_FILE = YES;
				INFOPLIST_FILE = Goo/Info.plist;
				INFOPLIST_KEY_CFBundleDisplayName = Goo;
				INFOPLIST_KEY_UIApplicationSupportsIndirectInputEvents = YES;
				INFOPLIST_KEY_UILaunchStoryboardName = LaunchScreen;
				INFOPLIST_KEY_UIMainStoryboardFile = HomeView;
				INFOPLIST_KEY_UISupportedInterfaceOrientations_iPad = "UIInterfaceOrientationPortrait UIInterfaceOrientationPortraitUpsideDown UIInterfaceOrientationLandscapeLeft UIInterfaceOrientationLandscapeRight";
				INFOPLIST_KEY_UISupportedInterfaceOrientations_iPhone = "UIInterfaceOrientationPortrait UIInterfaceOrientationLandscapeLeft UIInterfaceOrientationLandscapeRight";
				LD_RUNPATH_SEARCH_PATHS = (
					"$(inherited)",
					"@executable_path/Frameworks",
				);
				MARKETING_VERSION = 1.0;
				PRODUCT_BUNDLE_IDENTIFIER = com.mx.Goo.Goo;
				PRODUCT_NAME = "$(TARGET_NAME)";
				SWIFT_EMIT_LOC_STRINGS = YES;
				SWIFT_VERSION = 5.0;
				TARGETED_DEVICE_FAMILY = 1;
			};
			name = Debug;
		};
		67A8B14428AD37B500DD45AD /* Release */ = {
			isa = XCBuildConfiguration;
			buildSettings = {
				ASSETCATALOG_COMPILER_APPICON_NAME = AppIcon;
				ASSETCATALOG_COMPILER_GLOBAL_ACCENT_COLOR_NAME = AccentColor;
				CODE_SIGN_STYLE = Automatic;
				CURRENT_PROJECT_VERSION = 1;
				DEVELOPMENT_TEAM = XV272CGUK8;
				GENERATE_INFOPLIST_FILE = YES;
				INFOPLIST_FILE = Goo/Info.plist;
				INFOPLIST_KEY_CFBundleDisplayName = Goo;
				INFOPLIST_KEY_UIApplicationSupportsIndirectInputEvents = YES;
				INFOPLIST_KEY_UILaunchStoryboardName = LaunchScreen;
				INFOPLIST_KEY_UIMainStoryboardFile = HomeView;
				INFOPLIST_KEY_UISupportedInterfaceOrientations_iPad = "UIInterfaceOrientationPortrait UIInterfaceOrientationPortraitUpsideDown UIInterfaceOrientationLandscapeLeft UIInterfaceOrientationLandscapeRight";
				INFOPLIST_KEY_UISupportedInterfaceOrientations_iPhone = "UIInterfaceOrientationPortrait UIInterfaceOrientationLandscapeLeft UIInterfaceOrientationLandscapeRight";
				LD_RUNPATH_SEARCH_PATHS = (
					"$(inherited)",
					"@executable_path/Frameworks",
				);
				MARKETING_VERSION = 1.0;
				PRODUCT_BUNDLE_IDENTIFIER = com.mx.Goo.Goo;
				PRODUCT_NAME = "$(TARGET_NAME)";
				SWIFT_EMIT_LOC_STRINGS = YES;
				SWIFT_VERSION = 5.0;
				TARGETED_DEVICE_FAMILY = 1;
			};
			name = Release;
		};
/* End XCBuildConfiguration section */

/* Begin XCConfigurationList section */
		67A8B12928AD37B300DD45AD /* Build configuration list for PBXProject "Goo" */ = {
			isa = XCConfigurationList;
			buildConfigurations = (
				67A8B14028AD37B500DD45AD /* Debug */,
				67A8B14128AD37B500DD45AD /* Release */,
			);
			defaultConfigurationIsVisible = 0;
			defaultConfigurationName = Release;
		};
		67A8B14228AD37B500DD45AD /* Build configuration list for PBXNativeTarget "Goo" */ = {
			isa = XCConfigurationList;
			buildConfigurations = (
				67A8B14328AD37B500DD45AD /* Debug */,
				67A8B14428AD37B500DD45AD /* Release */,
			);
			defaultConfigurationIsVisible = 0;
			defaultConfigurationName = Release;
		};
/* End XCConfigurationList section */
	};
	rootObject = 67A8B12628AD37B300DD45AD /* Project object */;
}
